
Microsoft Visual Studio Solution File, Format Version 12.00
# Visual Studio 15
VisualStudioVersion = 15.0.26228.9
MinimumVisualStudioVersion = 10.0.40219.1
Project("{2150E333-8FDC-42A3-9474-1A3956D46DE8}") = "Base", "Base", "{A298841D-F6F3-4975-94AA-FFB1ED1FB9E1}"
EndProject
Project("{8BC9CEB8-8B4A-11D0-8D11-00A0C91BC942}") = "YCMFCEx", "YCMFCEx\YCMFCEx.vcxproj", "{87D9C70A-4FDB-4174-A93A-A2A44525CA92}"
EndProject
Project("{8BC9CEB8-8B4A-11D0-8D11-00A0C91BC942}") = "3rdParty", "3rdParty\3rdParty.vcxproj", "{2105E3D2-BEFC-4894-8503-656D5677842B}"
EndProject
Project("{2150E333-8FDC-42A3-9474-1A3956D46DE8}") = "DeveloperSystem", "DeveloperSystem", "{4242B00D-34FB-4E08-A5A5-4F714AA3E8B2}"
EndProject
Project("{8BC9CEB8-8B4A-11D0-8D11-00A0C91BC942}") = "DeveloperPublic", "DeveloperSystem\DeveloperPublic\DeveloperPublic.vcxproj", "{480C5797-B23A-41CB-BD15-775EF8D9E0DF}"
	ProjectSection(ProjectDependencies) = postProject
		{87D9C70A-4FDB-4174-A93A-A2A44525CA92} = {87D9C70A-4FDB-4174-A93A-A2A44525CA92}
		{2105E3D2-BEFC-4894-8503-656D5677842B} = {2105E3D2-BEFC-4894-8503-656D5677842B}
	EndProjectSection
EndProject
Project("{8BC9CEB8-8B4A-11D0-8D11-00A0C91BC942}") = "Version-Manager", "Version-Manager\Version-Manager.vcxproj", "{219A4531-B28D-47EE-853B-9CA3A89C2CB2}"
	ProjectSection(ProjectDependencies) = postProject
		{87D9C70A-4FDB-4174-A93A-A2A44525CA92} = {87D9C70A-4FDB-4174-A93A-A2A44525CA92}
		{480C5797-B23A-41CB-BD15-775EF8D9E0DF} = {480C5797-B23A-41CB-BD15-775EF8D9E0DF}
		{2105E3D2-BEFC-4894-8503-656D5677842B} = {2105E3D2-BEFC-4894-8503-656D5677842B}
	EndProjectSection
EndProject
Project("{2150E333-8FDC-42A3-9474-1A3956D46DE8}") = "Level1", "Level1", "{F2C0CC6D-5293-4A57-84EB-7685B2409BAC}"
EndProject
Global
	GlobalSection(SolutionConfigurationPlatforms) = preSolution
		Debug|x64 = Debug|x64
		Debug|x86 = Debug|x86
		Release|x64 = Release|x64
		Release|x86 = Release|x86
	EndGlobalSection
	GlobalSection(ProjectConfigurationPlatforms) = postSolution
		{87D9C70A-4FDB-4174-A93A-A2A44525CA92}.Debug|x64.ActiveCfg = Debug|x64
		{87D9C70A-4FDB-4174-A93A-A2A44525CA92}.Debug|x64.Build.0 = Debug|x64
		{87D9C70A-4FDB-4174-A93A-A2A44525CA92}.Debug|x86.ActiveCfg = Debug|Win32
		{87D9C70A-4FDB-4174-A93A-A2A44525CA92}.Debug|x86.Build.0 = Debug|Win32
		{87D9C70A-4FDB-4174-A93A-A2A44525CA92}.Release|x64.ActiveCfg = Release|x64
		{87D9C70A-4FDB-4174-A93A-A2A44525CA92}.Release|x64.Build.0 = Release|x64
		{87D9C70A-4FDB-4174-A93A-A2A44525CA92}.Release|x86.ActiveCfg = Release|Win32
		{87D9C70A-4FDB-4174-A93A-A2A44525CA92}.Release|x86.Build.0 = Release|Win32
		{2105E3D2-BEFC-4894-8503-656D5677842B}.Debug|x64.ActiveCfg = Debug|x64
		{2105E3D2-BEFC-4894-8503-656D5677842B}.Debug|x64.Build.0 = Debug|x64
		{2105E3D2-BEFC-4894-8503-656D5677842B}.Debug|x64.Deploy.0 = Debug|x64
		{2105E3D2-BEFC-4894-8503-656D5677842B}.Debug|x86.ActiveCfg = Debug|Win32
		{2105E3D2-BEFC-4894-8503-656D5677842B}.Debug|x86.Build.0 = Debug|Win32
		{2105E3D2-BEFC-4894-8503-656D5677842B}.Debug|x86.Deploy.0 = Debug|Win32
		{2105E3D2-BEFC-4894-8503-656D5677842B}.Release|x64.ActiveCfg = Release|x64
		{2105E3D2-BEFC-4894-8503-656D5677842B}.Release|x64.Build.0 = Release|x64
		{2105E3D2-BEFC-4894-8503-656D5677842B}.Release|x64.Deploy.0 = Release|x64
		{2105E3D2-BEFC-4894-8503-656D5677842B}.Release|x86.ActiveCfg = Release|Win32
		{2105E3D2-BEFC-4894-8503-656D5677842B}.Release|x86.Build.0 = Release|Win32
		{2105E3D2-BEFC-4894-8503-656D5677842B}.Release|x86.Deploy.0 = Release|Win32
		{480C5797-B23A-41CB-BD15-775EF8D9E0DF}.Debug|x64.ActiveCfg = Debug|Win32
		{480C5797-B23A-41CB-BD15-775EF8D9E0DF}.Debug|x86.ActiveCfg = Debug|Win32
		{480C5797-B23A-41CB-BD15-775EF8D9E0DF}.Debug|x86.Build.0 = Debug|Win32
		{480C5797-B23A-41CB-BD15-775EF8D9E0DF}.Release|x64.ActiveCfg = Release|Win32
		{480C5797-B23A-41CB-BD15-775EF8D9E0DF}.Release|x86.ActiveCfg = Release|Win32
		{480C5797-B23A-41CB-BD15-775EF8D9E0DF}.Release|x86.Build.0 = Release|Win32
		{219A4531-B28D-47EE-853B-9CA3A89C2CB2}.Debug|x64.ActiveCfg = Debug|x64
		{219A4531-B28D-47EE-853B-9CA3A89C2CB2}.Debug|x64.Build.0 = Debug|x64
		{219A4531-B28D-47EE-853B-9CA3A89C2CB2}.Debug|x86.ActiveCfg = Debug|Win32
		{219A4531-B28D-47EE-853B-9CA3A89C2CB2}.Debug|x86.Build.0 = Debug|Win32
		{219A4531-B28D-47EE-853B-9CA3A89C2CB2}.Release|x64.ActiveCfg = Release|x64
		{219A4531-B28D-47EE-853B-9CA3A89C2CB2}.Release|x64.Build.0 = Release|x64
		{219A4531-B28D-47EE-853B-9CA3A89C2CB2}.Release|x86.ActiveCfg = Release|Win32
		{219A4531-B28D-47EE-853B-9CA3A89C2CB2}.Release|x86.Build.0 = Release|Win32
	EndGlobalSection
	GlobalSection(SolutionProperties) = preSolution
		HideSolutionNode = FALSE
	EndGlobalSection
	GlobalSection(NestedProjects) = preSolution
		{87D9C70A-4FDB-4174-A93A-A2A44525CA92} = {A298841D-F6F3-4975-94AA-FFB1ED1FB9E1}
		{2105E3D2-BEFC-4894-8503-656D5677842B} = {A298841D-F6F3-4975-94AA-FFB1ED1FB9E1}
		{480C5797-B23A-41CB-BD15-775EF8D9E0DF} = {F2C0CC6D-5293-4A57-84EB-7685B2409BAC}
		{F2C0CC6D-5293-4A57-84EB-7685B2409BAC} = {4242B00D-34FB-4E08-A5A5-4F714AA3E8B2}
	EndGlobalSection
EndGlobal
