<?xml version="1.0" encoding="utf-8"?>
<Project ToolsVersion="4.0" xmlns="http://schemas.microsoft.com/developer/msbuild/2003">
  <ItemGroup>
    <Filter Include="Source Files">
      <UniqueIdentifier>{4FC737F1-C7A5-4376-A066-2A32D752A2FF}</UniqueIdentifier>
      <Extensions>cpp;c;cc;cxx;def;odl;idl;hpj;bat;asm;asmx</Extensions>
    </Filter>
    <Filter Include="Header Files">
      <UniqueIdentifier>{93995380-89BD-4b04-88EB-625FBE52EBFB}</UniqueIdentifier>
      <Extensions>h;hh;hpp;hxx;hm;inl;inc;xsd</Extensions>
    </Filter>
    <Filter Include="Resource Files">
      <UniqueIdentifier>{67DA6AB6-F800-4c08-8B7A-83BB121AAD01}</UniqueIdentifier>
      <Extensions>rc;ico;cur;bmp;dlg;rc2;rct;bin;rgs;gif;jpg;jpeg;jpe;resx;tiff;tif;png;wav;mfcribbon-ms</Extensions>
    </Filter>
  </ItemGroup>
  <ItemGroup>
    <Text Include="ReadMe.txt" />
  </ItemGroup>
  <ItemGroup>
    <ClInclude Include="YCApplicationMainWnd.h">
      <Filter>Header Files</Filter>
    </ClInclude>
    <ClInclude Include="YCBitStatic.h">
      <Filter>Header Files</Filter>
    </ClInclude>
    <ClInclude Include="YCBMPDisplayer.h">
      <Filter>Header Files</Filter>
    </ClInclude>
    <ClInclude Include="YCCompletionObject.h">
      <Filter>Header Files</Filter>
    </ClInclude>
    <ClInclude Include="YCComponent.h">
      <Filter>Header Files</Filter>
    </ClInclude>
    <ClInclude Include="YCControl.h">
      <Filter>Header Files</Filter>
    </ClInclude>
    <ClInclude Include="YCData.h">
      <Filter>Header Files</Filter>
    </ClInclude>
    <ClInclude Include="YCDefine.h">
      <Filter>Header Files</Filter>
    </ClInclude>
    <ClInclude Include="YCDialog.h">
      <Filter>Header Files</Filter>
    </ClInclude>
    <ClInclude Include="YCDialogPanel.h">
      <Filter>Header Files</Filter>
    </ClInclude>
    <ClInclude Include="YCEventLogger.h">
      <Filter>Header Files</Filter>
    </ClInclude>
    <ClInclude Include="YCException.h">
      <Filter>Header Files</Filter>
    </ClInclude>
    <ClInclude Include="YCFileVersion.h">
      <Filter>Header Files</Filter>
    </ClInclude>
    <ClInclude Include="YCIniFile.h">
      <Filter>Header Files</Filter>
    </ClInclude>
    <ClInclude Include="YCListCtrl.h">
      <Filter>Header Files</Filter>
    </ClInclude>
    <ClInclude Include="YCMemoryBuffer.h">
      <Filter>Header Files</Filter>
    </ClInclude>
    <ClInclude Include="YCMemoryMapping.h">
      <Filter>Header Files</Filter>
    </ClInclude>
    <ClInclude Include="YCMessageOnlyWnd.h">
      <Filter>Header Files</Filter>
    </ClInclude>
    <ClInclude Include="YCNotifyButton.h">
      <Filter>Header Files</Filter>
    </ClInclude>
    <ClInclude Include="YCObject.h">
      <Filter>Header Files</Filter>
    </ClInclude>
    <ClInclude Include="YCOneInstance.h">
      <Filter>Header Files</Filter>
    </ClInclude>
    <ClInclude Include="YCPropertySheet.h">
      <Filter>Header Files</Filter>
    </ClInclude>
    <ClInclude Include="YCSignalLightStatic.h">
      <Filter>Header Files</Filter>
    </ClInclude>
    <ClInclude Include="YCSimpleTCPClient.h">
      <Filter>Header Files</Filter>
    </ClInclude>
    <ClInclude Include="YCSimpleTCPConnection.h">
      <Filter>Header Files</Filter>
    </ClInclude>
    <ClInclude Include="YCSimpleTCPServer.h">
      <Filter>Header Files</Filter>
    </ClInclude>
    <ClInclude Include="YCSpectrum.h">
      <Filter>Header Files</Filter>
    </ClInclude>
    <ClInclude Include="YCSwitchDialogLangText.h">
      <Filter>Header Files</Filter>
    </ClInclude>
    <ClInclude Include="YCThread.h">
      <Filter>Header Files</Filter>
    </ClInclude>
    <ClInclude Include="YCTrayIcon.h">
      <Filter>Header Files</Filter>
    </ClInclude>
    <ClInclude Include="YCUtils.h">
      <Filter>Header Files</Filter>
    </ClInclude>
    <ClInclude Include="YCWaitableTimer.h">
      <Filter>Header Files</Filter>
    </ClInclude>
    <ClInclude Include="YCXml.h">
      <Filter>Header Files</Filter>
    </ClInclude>
    <ClInclude Include="stdafx.h">
      <Filter>Header Files</Filter>
    </ClInclude>
  </ItemGroup>
  <ItemGroup>
    <ClCompile Include="YCApplicationMainWnd.cpp">
      <Filter>Source Files</Filter>
    </ClCompile>
    <ClCompile Include="YCArchiveFunc.cpp">
      <Filter>Source Files</Filter>
    </ClCompile>
    <ClCompile Include="YCBitStatic.cpp">
      <Filter>Source Files</Filter>
    </ClCompile>
    <ClCompile Include="YCBMPDisplayer.cpp">
      <Filter>Source Files</Filter>
    </ClCompile>
    <ClCompile Include="YCCompletionObject.cpp">
      <Filter>Source Files</Filter>
    </ClCompile>
    <ClCompile Include="YCComponent.cpp">
      <Filter>Source Files</Filter>
    </ClCompile>
    <ClCompile Include="YCControl.cpp">
      <Filter>Source Files</Filter>
    </ClCompile>
    <ClCompile Include="YCData.cpp">
      <Filter>Source Files</Filter>
    </ClCompile>
    <ClCompile Include="YCDialog.cpp">
      <Filter>Source Files</Filter>
    </ClCompile>
    <ClCompile Include="YCDialogPanel.cpp">
      <Filter>Source Files</Filter>
    </ClCompile>
    <ClCompile Include="YCEventLogger.cpp">
      <Filter>Source Files</Filter>
    </ClCompile>
    <ClCompile Include="YCException.cpp">
      <Filter>Source Files</Filter>
    </ClCompile>
    <ClCompile Include="YCFileVersion.cpp">
      <Filter>Source Files</Filter>
    </ClCompile>
    <ClCompile Include="YCGUIDFunc.cpp">
      <Filter>Source Files</Filter>
    </ClCompile>
    <ClCompile Include="YCIniFile.cpp">
      <Filter>Source Files</Filter>
    </ClCompile>
    <ClCompile Include="YCListCtrl.cpp">
      <Filter>Source Files</Filter>
    </ClCompile>
    <ClCompile Include="YCMemoryBuffer.cpp">
      <Filter>Source Files</Filter>
    </ClCompile>
    <ClCompile Include="YCMemoryMapping.cpp">
      <Filter>Source Files</Filter>
    </ClCompile>
    <ClCompile Include="YCMessageOnlyWnd.cpp">
      <Filter>Source Files</Filter>
    </ClCompile>
    <ClCompile Include="YCNotifyButton.cpp">
      <Filter>Source Files</Filter>
    </ClCompile>
    <ClCompile Include="YCObject.cpp">
      <Filter>Source Files</Filter>
    </ClCompile>
    <ClCompile Include="YCOneInstance.cpp">
      <Filter>Source Files</Filter>
    </ClCompile>
    <ClCompile Include="YCPropertySheet.cpp">
      <Filter>Source Files</Filter>
    </ClCompile>
    <ClCompile Include="YCSignalLightStatic.cpp">
      <Filter>Source Files</Filter>
    </ClCompile>
    <ClCompile Include="YCSimpleTCPClient.cpp">
      <Filter>Source Files</Filter>
    </ClCompile>
    <ClCompile Include="YCSimpleTCPConnection.cpp">
      <Filter>Source Files</Filter>
    </ClCompile>
    <ClCompile Include="YCSimpleTCPServer.cpp">
      <Filter>Source Files</Filter>
    </ClCompile>
    <ClCompile Include="YCSpectrum.cpp">
      <Filter>Source Files</Filter>
    </ClCompile>
    <ClCompile Include="YCSwitchDialogLangText.cpp">
      <Filter>Source Files</Filter>
    </ClCompile>
    <ClCompile Include="YCThread.cpp">
      <Filter>Source Files</Filter>
    </ClCompile>
    <ClCompile Include="YCTrayIcon.cpp">
      <Filter>Source Files</Filter>
    </ClCompile>
    <ClCompile Include="YCUtils.cpp">
      <Filter>Source Files</Filter>
    </ClCompile>
    <ClCompile Include="YCWaitableTimer.cpp">
      <Filter>Source Files</Filter>
    </ClCompile>
    <ClCompile Include="YCXml.cpp">
      <Filter>Source Files</Filter>
    </ClCompile>
    <ClCompile Include="stdafx.cpp">
      <Filter>Source Files</Filter>
    </ClCompile>
  </ItemGroup>
</Project>